
Microsoft Visual Studio Solution File, Format Version 12.00
# Visual Studio 15
VisualStudioVersion = 15.0.26228.10
MinimumVisualStudioVersion = 10.0.40219.1
Project("{FAE04EC0-301F-11D3-BF4B-00C04F79EFBC}") = "Solano.Web", "Solano.Web\Solano.Web.csproj", "{0FDE79CF-5E7B-48B0-853E-2A04DF4B90E0}"
EndProject
Project("{FAE04EC0-301F-11D3-BF4B-00C04F79EFBC}") = "Solano.Web.Tests", "Solano.Web.Tests\Solano.Web.Tests.csproj", "{0228A927-E35B-4901-BD26-F30CFCA0E6F6}"
EndProject
Project("{FAE04EC0-301F-11D3-BF4B-00C04F79EFBC}") = "Infrastructure.Common", "..\..\elite\trunk\Infrastructure.Common\Infrastructure.Common.csproj", "{8F2180E6-E913-4CDF-BB7A-16AEF687D5A1}"
EndProject
Project("{FAE04EC0-301F-11D3-BF4B-00C04F79EFBC}") = "Infrastructure.DataBase", "..\..\elite\trunk\Infrastructure.DataBase\Infrastructure.DataBase.csproj", "{C00A17EB-4C0E-468B-AFFF-DDA95BFD4EB7}"
EndProject
Project("{FAE04EC0-301F-11D3-BF4B-00C04F79EFBC}") = "Infrastructure.Server", "..\..\elite\trunk\Infrastructure.Server\Infrastructure.Server.csproj", "{77051CBD-B4ED-4F2E-AEE9-ED8BF31A4A24}"
EndProject
Project("{FAE04EC0-301F-11D3-BF4B-00C04F79EFBC}") = "Infrastructure.Shared", "..\..\elite\trunk\Infrastructure.Shared\Infrastructure.Shared.csproj", "{BEA14284-7168-4960-80D4-87D6D0F6DDEC}"
EndProject
Project("{9A19103F-16F7-4668-BE54-9A1E7A4F7556}") = "Infrastructure.Fundamental", "..\..\elite\trunk\Infrastructure.Fundamental\Infrastructure.Fundamental.csproj", "{D4B4957B-E897-430E-AA06-B076E32DF4E5}"
EndProject
Global
	GlobalSection(SolutionConfigurationPlatforms) = preSolution
		Debug|Any CPU = Debug|Any CPU
		Release|Any CPU = Release|Any CPU
	EndGlobalSection
	GlobalSection(ProjectConfigurationPlatforms) = postSolution
		{0FDE79CF-5E7B-48B0-853E-2A04DF4B90E0}.Debug|Any CPU.ActiveCfg = Debug|Any CPU
		{0FDE79CF-5E7B-48B0-853E-2A04DF4B90E0}.Debug|Any CPU.Build.0 = Debug|Any CPU
		{0FDE79CF-5E7B-48B0-853E-2A04DF4B90E0}.Release|Any CPU.ActiveCfg = Release|Any CPU
		{0FDE79CF-5E7B-48B0-853E-2A04DF4B90E0}.Release|Any CPU.Build.0 = Release|Any CPU
		{0228A927-E35B-4901-BD26-F30CFCA0E6F6}.Debug|Any CPU.ActiveCfg = Debug|Any CPU
		{0228A927-E35B-4901-BD26-F30CFCA0E6F6}.Debug|Any CPU.Build.0 = Debug|Any CPU
		{0228A927-E35B-4901-BD26-F30CFCA0E6F6}.Release|Any CPU.ActiveCfg = Release|Any CPU
		{0228A927-E35B-4901-BD26-F30CFCA0E6F6}.Release|Any CPU.Build.0 = Release|Any CPU
		{8F2180E6-E913-4CDF-BB7A-16AEF687D5A1}.Debug|Any CPU.ActiveCfg = Debug|Any CPU
		{8F2180E6-E913-4CDF-BB7A-16AEF687D5A1}.Debug|Any CPU.Build.0 = Debug|Any CPU
		{8F2180E6-E913-4CDF-BB7A-16AEF687D5A1}.Release|Any CPU.ActiveCfg = Release|Any CPU
		{8F2180E6-E913-4CDF-BB7A-16AEF687D5A1}.Release|Any CPU.Build.0 = Release|Any CPU
		{C00A17EB-4C0E-468B-AFFF-DDA95BFD4EB7}.Debug|Any CPU.ActiveCfg = Debug|Any CPU
		{C00A17EB-4C0E-468B-AFFF-DDA95BFD4EB7}.Debug|Any CPU.Build.0 = Debug|Any CPU
		{C00A17EB-4C0E-468B-AFFF-DDA95BFD4EB7}.Release|Any CPU.ActiveCfg = Release|Any CPU
		{C00A17EB-4C0E-468B-AFFF-DDA95BFD4EB7}.Release|Any CPU.Build.0 = Release|Any CPU
		{77051CBD-B4ED-4F2E-AEE9-ED8BF31A4A24}.Debug|Any CPU.ActiveCfg = Debug|Any CPU
		{77051CBD-B4ED-4F2E-AEE9-ED8BF31A4A24}.Debug|Any CPU.Build.0 = Debug|Any CPU
		{77051CBD-B4ED-4F2E-AEE9-ED8BF31A4A24}.Release|Any CPU.ActiveCfg = Release|Any CPU
		{77051CBD-B4ED-4F2E-AEE9-ED8BF31A4A24}.Release|Any CPU.Build.0 = Release|Any CPU
		{BEA14284-7168-4960-80D4-87D6D0F6DDEC}.Debug|Any CPU.ActiveCfg = Debug|Any CPU
		{BEA14284-7168-4960-80D4-87D6D0F6DDEC}.Debug|Any CPU.Build.0 = Debug|Any CPU
		{BEA14284-7168-4960-80D4-87D6D0F6DDEC}.Release|Any CPU.ActiveCfg = Release|Any CPU
		{BEA14284-7168-4960-80D4-87D6D0F6DDEC}.Release|Any CPU.Build.0 = Release|Any CPU
		{D4B4957B-E897-430E-AA06-B076E32DF4E5}.Debug|Any CPU.ActiveCfg = Debug|Any CPU
		{D4B4957B-E897-430E-AA06-B076E32DF4E5}.Debug|Any CPU.Build.0 = Debug|Any CPU
		{D4B4957B-E897-430E-AA06-B076E32DF4E5}.Release|Any CPU.ActiveCfg = Release|Any CPU
		{D4B4957B-E897-430E-AA06-B076E32DF4E5}.Release|Any CPU.Build.0 = Release|Any CPU
	EndGlobalSection
	GlobalSection(SolutionProperties) = preSolution
		HideSolutionNode = FALSE
	EndGlobalSection
EndGlobal
